
Microsoft Visual Studio Solution File, Format Version 11.00
# Visual Studio 2010
Project("{FAE04EC0-301F-11D3-BF4B-00C04F79EFBC}") = "TEST", "TEST\TEST.csproj", "{ECBF6453-8440-4C64-AC42-13C01EAA9213}"
EndProject
Global
	GlobalSection(SolutionConfigurationPlatforms) = preSolution
		Debug|Any CPU = Debug|Any CPU
		Release|Any CPU = Release|Any CPU
	EndGlobalSection
	GlobalSection(ProjectConfigurationPlatforms) = postSolution
		{ECBF6453-8440-4C64-AC42-13C01EAA9213}.Debug|Any CPU.ActiveCfg = Debug|Any CPU
		{ECBF6453-8440-4C64-AC42-13C01EAA9213}.Debug|Any CPU.Build.0 = Debug|Any CPU
		{ECBF6453-8440-4C64-AC42-13C01EAA9213}.Release|Any CPU.ActiveCfg = Release|Any CPU
		{ECBF6453-8440-4C64-AC42-13C01EAA9213}.Release|Any CPU.Build.0 = Release|Any CPU
	EndGlobalSection
	GlobalSection(MonoDevelopProperties) = preSolution
		StartupItem = TEST\TEST.csproj
	EndGlobalSection
EndGlobal
